
Microsoft Visual Studio Solution File, Format Version 12.00
# Visual Studio Version 17
VisualStudioVersion = 17.3.32922.545
MinimumVisualStudioVersion = 10.0.40219.1
Project("{FAE04EC0-301F-11D3-BF4B-00C04F79EFBC}") = "RateLimitingMiddleware", "RateLimitingMiddleware\RateLimitingMiddleware.csproj", "{409F6569-DF34-4FAD-8394-8707F9DEF05C}"
EndProject
Project("{FAE04EC0-301F-11D3-BF4B-00C04F79EFBC}") = "RateLimitingDemo", "RateLimitingDemo\RateLimitingDemo.csproj", "{416DE4BB-D1E8-45F5-AB79-0A9A1C61CF5D}"
EndProject
Global
	GlobalSection(SolutionConfigurationPlatforms) = preSolution
		Debug|Any CPU = Debug|Any CPU
		Release|Any CPU = Release|Any CPU
	EndGlobalSection
	GlobalSection(ProjectConfigurationPlatforms) = postSolution
		{409F6569-DF34-4FAD-8394-8707F9DEF05C}.Debug|Any CPU.ActiveCfg = Debug|Any CPU
		{409F6569-DF34-4FAD-8394-8707F9DEF05C}.Debug|Any CPU.Build.0 = Debug|Any CPU
		{409F6569-DF34-4FAD-8394-8707F9DEF05C}.Release|Any CPU.ActiveCfg = Release|Any CPU
		{409F6569-DF34-4FAD-8394-8707F9DEF05C}.Release|Any CPU.Build.0 = Release|Any CPU
		{416DE4BB-D1E8-45F5-AB79-0A9A1C61CF5D}.Debug|Any CPU.ActiveCfg = Debug|Any CPU
		{416DE4BB-D1E8-45F5-AB79-0A9A1C61CF5D}.Debug|Any CPU.Build.0 = Debug|Any CPU
		{416DE4BB-D1E8-45F5-AB79-0A9A1C61CF5D}.Release|Any CPU.ActiveCfg = Release|Any CPU
		{416DE4BB-D1E8-45F5-AB79-0A9A1C61CF5D}.Release|Any CPU.Build.0 = Release|Any CPU
	EndGlobalSection
	GlobalSection(SolutionProperties) = preSolution
		HideSolutionNode = FALSE
	EndGlobalSection
	GlobalSection(ExtensibilityGlobals) = postSolution
		SolutionGuid = {410AAF9C-2714-4EB0-9879-BEC3EDAD1E10}
	EndGlobalSection
EndGlobal
